github.com/karrick/gobls v1.3.5 h1:YDlwkT2U3R7zX1t86PdHb1+uE74fFiJVP28eAUoTdwY=
github.com/karrick/gobls v1.3.5/go.mod h1:ctF7wvQjWvKR5SQqqZSKtwaILuZj+kaaeo9dNYb+8d8=
github.com/karrick/gohistogram v0.3.1 h1:BhnOB2P4a5iUNg1RUlTNanS1q0iQZT15AUS0JK+pOxQ=
github.com/karrick/gohistogram v0.3.1/go.mod h1:WRhN58yw+TXgPBiTB1mmVNTgbuEIcuneWPo2PO3+SUg=
github.com/karrick/golf v1.4.0 h1:9i9HnUh7uCyUFJhIqg311HBibw4f2pbGldi0ZM2FhaQ=
github.com/karrick/golf v1.4.0/go.mod h1:qGN0IhcEL+IEgCXp00RvH32UP59vtwc8w5YcIdArNRk=
github.com/karrick/gorill v1.10.3 h1:8mu611ldQeSkXPd+tQAtoFBWzCO9wUOPpluEpmYHzRc=
github.com/karrick/gorill v1.10.3/go.mod h1:DPkTxWITT+bjjMKRrX7ay9pTk/W7lKR8hkndLJ+Osmc=
github.com/karrick/gows v0.3.0 h1:/FGSuBiJMUqNOJPsAdLvHFg7RnkFoWBS8USpdco5ONQ=
github.com/karrick/gows v0.3.0/go.mod h1:kdZ/jfdo8yqKYn+BMjBkhP+/oRKUABR1abaomzRi/n8=
golang.org/x/sys v0.0.0-20190626221950-04f50cda93cb/go.mod h1:h1NjWce9XRLGQEsW7wpKNCjG9DtNlClVuFLEZdDNbEs=
golang.org/x/sys v0.1.0 h1:kunALQeHf1/185U1i0GOB/fy1IPRDDpuoOOqRReG57U=
golang.org/x/sys v0.1.0/go.mod h1:oPkhp1MJrh7nUepCBck5+mAzfO9JrbApNNgaTdGDITg=
